
Microsoft Visual Studio Solution File, Format Version 12.00
# Visual Studio 15
Project("{FAE04EC0-301F-11D3-BF4B-00C04F79EFBC}") = "Payments.Processing.Implementation", "Payments.Processing.Implementation\Payments.Processing.Implementation.csproj", "{BEE74745-372B-4E52-84D3-FCEEE6611E9E}"
EndProject
Project("{FAE04EC0-301F-11D3-BF4B-00C04F79EFBC}") = "Orders.Model", "Orders.Model\Orders.Model.csproj", "{F3FF5FD3-2709-4013-9BEF-4F4783A1BB1F}"
EndProject
Project("{FAE04EC0-301F-11D3-BF4B-00C04F79EFBC}") = "Payments.Model", "Payments.Model\Payments.Model.csproj", "{A1E676F4-17BB-4C08-8D4C-80C2B8DBAFDE}"
EndProject
Project("{FAE04EC0-301F-11D3-BF4B-00C04F79EFBC}") = "Orders.Processing.Implementation", "Orders.Processing.Implementation\Orders.Processing.Implementation.csproj", "{7AEE4F2B-31DF-4797-8342-A86C6707A6C5}"
EndProject
Project("{FAE04EC0-301F-11D3-BF4B-00C04F79EFBC}") = "Orders.Processing", "Orders.Processing\Orders.Processing.csproj", "{127BC15B-04D7-4D78-899A-3442D5BA8A6E}"
EndProject
Project("{FAE04EC0-301F-11D3-BF4B-00C04F79EFBC}") = "Payments.Processing", "Payments.Processing\Payments.Processing.csproj", "{3B4D8960-52CA-4D3E-A787-1FD868E2B82C}"
EndProject
Project("{FAE04EC0-301F-11D3-BF4B-00C04F79EFBC}") = "Order.Processing.Tests", "Orders.Processing.Tests\Order.Processing.Tests.csproj", "{A855B673-3B86-40FB-8EFC-FA8F7DCD468D}"
EndProject
Project("{FAE04EC0-301F-11D3-BF4B-00C04F79EFBC}") = "Payments.Processing.Tests", "Payments.Processing.Tests\Payments.Processing.Tests.csproj", "{2AF15B5B-9B67-45E3-9C83-0B00BE66E31F}"
EndProject
Global
	GlobalSection(SolutionConfigurationPlatforms) = preSolution
		Debug|Any CPU = Debug|Any CPU
		Release|Any CPU = Release|Any CPU
	EndGlobalSection
	GlobalSection(ProjectConfigurationPlatforms) = postSolution
		{BEE74745-372B-4E52-84D3-FCEEE6611E9E}.Debug|Any CPU.ActiveCfg = Debug|Any CPU
		{BEE74745-372B-4E52-84D3-FCEEE6611E9E}.Debug|Any CPU.Build.0 = Debug|Any CPU
		{BEE74745-372B-4E52-84D3-FCEEE6611E9E}.Release|Any CPU.ActiveCfg = Release|Any CPU
		{BEE74745-372B-4E52-84D3-FCEEE6611E9E}.Release|Any CPU.Build.0 = Release|Any CPU
		{F3FF5FD3-2709-4013-9BEF-4F4783A1BB1F}.Debug|Any CPU.ActiveCfg = Debug|Any CPU
		{F3FF5FD3-2709-4013-9BEF-4F4783A1BB1F}.Debug|Any CPU.Build.0 = Debug|Any CPU
		{F3FF5FD3-2709-4013-9BEF-4F4783A1BB1F}.Release|Any CPU.ActiveCfg = Release|Any CPU
		{F3FF5FD3-2709-4013-9BEF-4F4783A1BB1F}.Release|Any CPU.Build.0 = Release|Any CPU
		{A1E676F4-17BB-4C08-8D4C-80C2B8DBAFDE}.Debug|Any CPU.ActiveCfg = Debug|Any CPU
		{A1E676F4-17BB-4C08-8D4C-80C2B8DBAFDE}.Debug|Any CPU.Build.0 = Debug|Any CPU
		{A1E676F4-17BB-4C08-8D4C-80C2B8DBAFDE}.Release|Any CPU.ActiveCfg = Release|Any CPU
		{A1E676F4-17BB-4C08-8D4C-80C2B8DBAFDE}.Release|Any CPU.Build.0 = Release|Any CPU
		{7AEE4F2B-31DF-4797-8342-A86C6707A6C5}.Debug|Any CPU.ActiveCfg = Debug|Any CPU
		{7AEE4F2B-31DF-4797-8342-A86C6707A6C5}.Debug|Any CPU.Build.0 = Debug|Any CPU
		{7AEE4F2B-31DF-4797-8342-A86C6707A6C5}.Release|Any CPU.ActiveCfg = Release|Any CPU
		{7AEE4F2B-31DF-4797-8342-A86C6707A6C5}.Release|Any CPU.Build.0 = Release|Any CPU
		{127BC15B-04D7-4D78-899A-3442D5BA8A6E}.Debug|Any CPU.ActiveCfg = Debug|Any CPU
		{127BC15B-04D7-4D78-899A-3442D5BA8A6E}.Debug|Any CPU.Build.0 = Debug|Any CPU
		{127BC15B-04D7-4D78-899A-3442D5BA8A6E}.Release|Any CPU.ActiveCfg = Release|Any CPU
		{127BC15B-04D7-4D78-899A-3442D5BA8A6E}.Release|Any CPU.Build.0 = Release|Any CPU
		{3B4D8960-52CA-4D3E-A787-1FD868E2B82C}.Debug|Any CPU.ActiveCfg = Debug|Any CPU
		{3B4D8960-52CA-4D3E-A787-1FD868E2B82C}.Debug|Any CPU.Build.0 = Debug|Any CPU
		{3B4D8960-52CA-4D3E-A787-1FD868E2B82C}.Release|Any CPU.ActiveCfg = Release|Any CPU
		{3B4D8960-52CA-4D3E-A787-1FD868E2B82C}.Release|Any CPU.Build.0 = Release|Any CPU
		{A855B673-3B86-40FB-8EFC-FA8F7DCD468D}.Debug|Any CPU.ActiveCfg = Debug|Any CPU
		{A855B673-3B86-40FB-8EFC-FA8F7DCD468D}.Debug|Any CPU.Build.0 = Debug|Any CPU
		{A855B673-3B86-40FB-8EFC-FA8F7DCD468D}.Release|Any CPU.ActiveCfg = Release|Any CPU
		{A855B673-3B86-40FB-8EFC-FA8F7DCD468D}.Release|Any CPU.Build.0 = Release|Any CPU
		{2AF15B5B-9B67-45E3-9C83-0B00BE66E31F}.Debug|Any CPU.ActiveCfg = Debug|Any CPU
		{2AF15B5B-9B67-45E3-9C83-0B00BE66E31F}.Debug|Any CPU.Build.0 = Debug|Any CPU
		{2AF15B5B-9B67-45E3-9C83-0B00BE66E31F}.Release|Any CPU.ActiveCfg = Release|Any CPU
		{2AF15B5B-9B67-45E3-9C83-0B00BE66E31F}.Release|Any CPU.Build.0 = Release|Any CPU
	EndGlobalSection
EndGlobal
